
Microsoft Visual Studio Solution File, Format Version 12.00
# Visual Studio Version 17
VisualStudioVersion = 17.0.31903.59
MinimumVisualStudioVersion = 10.0.40219.1
Project("{2150E333-8FDC-42A3-9474-1A3956D46DE8}") = "src", "src", "{827E0CD3-B72D-47B6-A68D-7590B98EB39B}"
EndProject
Project("{FAE04EC0-301F-11D3-BF4B-00C04F79EFBC}") = "TaskFlow.Api", "src\TaskFlow.Api\TaskFlow.Api.csproj", "{7C57E3A3-83CF-44BC-A28B-8107ECD16BBA}"
EndProject
Project("{FAE04EC0-301F-11D3-BF4B-00C04F79EFBC}") = "TaskFlow.Domain", "src\TaskFlow.Domain\TaskFlow.Domain.csproj", "{07480DD1-D1BD-4C01-8F0F-82F2B168E733}"
EndProject
Project("{FAE04EC0-301F-11D3-BF4B-00C04F79EFBC}") = "TaskFlow.Application", "src\TaskFlow.Application\TaskFlow.Application.csproj", "{2CC6290A-48D7-4F61-B24B-613B15FFD4DC}"
EndProject
Project("{FAE04EC0-301F-11D3-BF4B-00C04F79EFBC}") = "TaskFlow.Infrastructure", "src\TaskFlow.Infrastructure\TaskFlow.Infrastructure.csproj", "{9E413073-A833-408D-94A5-B31BBAE60427}"
EndProject
Project("{FAE04EC0-301F-11D3-BF4B-00C04F79EFBC}") = "TaskFlow.UnitTests", "tests\TaskFlow.UnitTests\TaskFlow.UnitTests.csproj", "{C90461B0-7FCD-45B5-8DDC-35C20AF77A2F}"
EndProject
Project("{FAE04EC0-301F-11D3-BF4B-00C04F79EFBC}") = "TaskFlow.IntegrationTests", "tests\TaskFlow.IntegrationTests\TaskFlow.IntegrationTests.csproj", "{03B61476-462B-432D-B612-2FD197DC59BE}"
EndProject
Global
	GlobalSection(SolutionConfigurationPlatforms) = preSolution
		Debug|Any CPU = Debug|Any CPU
		Debug|x64 = Debug|x64
		Debug|x86 = Debug|x86
		Release|Any CPU = Release|Any CPU
		Release|x64 = Release|x64
		Release|x86 = Release|x86
	EndGlobalSection
	GlobalSection(ProjectConfigurationPlatforms) = postSolution
		{7C57E3A3-83CF-44BC-A28B-8107ECD16BBA}.Debug|Any CPU.ActiveCfg = Debug|Any CPU
		{7C57E3A3-83CF-44BC-A28B-8107ECD16BBA}.Debug|Any CPU.Build.0 = Debug|Any CPU
		{7C57E3A3-83CF-44BC-A28B-8107ECD16BBA}.Debug|x64.ActiveCfg = Debug|Any CPU
		{7C57E3A3-83CF-44BC-A28B-8107ECD16BBA}.Debug|x64.Build.0 = Debug|Any CPU
		{7C57E3A3-83CF-44BC-A28B-8107ECD16BBA}.Debug|x86.ActiveCfg = Debug|Any CPU
		{7C57E3A3-83CF-44BC-A28B-8107ECD16BBA}.Debug|x86.Build.0 = Debug|Any CPU
		{7C57E3A3-83CF-44BC-A28B-8107ECD16BBA}.Release|Any CPU.ActiveCfg = Release|Any CPU
		{7C57E3A3-83CF-44BC-A28B-8107ECD16BBA}.Release|Any CPU.Build.0 = Release|Any CPU
		{7C57E3A3-83CF-44BC-A28B-8107ECD16BBA}.Release|x64.ActiveCfg = Release|Any CPU
		{7C57E3A3-83CF-44BC-A28B-8107ECD16BBA}.Release|x64.Build.0 = Release|Any CPU
		{7C57E3A3-83CF-44BC-A28B-8107ECD16BBA}.Release|x86.ActiveCfg = Release|Any CPU
		{7C57E3A3-83CF-44BC-A28B-8107ECD16BBA}.Release|x86.Build.0 = Release|Any CPU
		{07480DD1-D1BD-4C01-8F0F-82F2B168E733}.Debug|Any CPU.ActiveCfg = Debug|Any CPU
		{07480DD1-D1BD-4C01-8F0F-82F2B168E733}.Debug|Any CPU.Build.0 = Debug|Any CPU
		{07480DD1-D1BD-4C01-8F0F-82F2B168E733}.Debug|x64.ActiveCfg = Debug|Any CPU
		{07480DD1-D1BD-4C01-8F0F-82F2B168E733}.Debug|x64.Build.0 = Debug|Any CPU
		{07480DD1-D1BD-4C01-8F0F-82F2B168E733}.Debug|x86.ActiveCfg = Debug|Any CPU
		{07480DD1-D1BD-4C01-8F0F-82F2B168E733}.Debug|x86.Build.0 = Debug|Any CPU
		{07480DD1-D1BD-4C01-8F0F-82F2B168E733}.Release|Any CPU.ActiveCfg = Release|Any CPU
		{07480DD1-D1BD-4C01-8F0F-82F2B168E733}.Release|Any CPU.Build.0 = Release|Any CPU
		{07480DD1-D1BD-4C01-8F0F-82F2B168E733}.Release|x64.ActiveCfg = Release|Any CPU
		{07480DD1-D1BD-4C01-8F0F-82F2B168E733}.Release|x64.Build.0 = Release|Any CPU
		{07480DD1-D1BD-4C01-8F0F-82F2B168E733}.Release|x86.ActiveCfg = Release|Any CPU
		{07480DD1-D1BD-4C01-8F0F-82F2B168E733}.Release|x86.Build.0 = Release|Any CPU
		{2CC6290A-48D7-4F61-B24B-613B15FFD4DC}.Debug|Any CPU.ActiveCfg = Debug|Any CPU
		{2CC6290A-48D7-4F61-B24B-613B15FFD4DC}.Debug|Any CPU.Build.0 = Debug|Any CPU
		{2CC6290A-48D7-4F61-B24B-613B15FFD4DC}.Debug|x64.ActiveCfg = Debug|Any CPU
		{2CC6290A-48D7-4F61-B24B-613B15FFD4DC}.Debug|x64.Build.0 = Debug|Any CPU
		{2CC6290A-48D7-4F61-B24B-613B15FFD4DC}.Debug|x86.ActiveCfg = Debug|Any CPU
		{2CC6290A-48D7-4F61-B24B-613B15FFD4DC}.Debug|x86.Build.0 = Debug|Any CPU
		{2CC6290A-48D7-4F61-B24B-613B15FFD4DC}.Release|Any CPU.ActiveCfg = Release|Any CPU
		{2CC6290A-48D7-4F61-B24B-613B15FFD4DC}.Release|Any CPU.Build.0 = Release|Any CPU
		{2CC6290A-48D7-4F61-B24B-613B15FFD4DC}.Release|x64.ActiveCfg = Release|Any CPU
		{2CC6290A-48D7-4F61-B24B-613B15FFD4DC}.Release|x64.Build.0 = Release|Any CPU
		{2CC6290A-48D7-4F61-B24B-613B15FFD4DC}.Release|x86.ActiveCfg = Release|Any CPU
		{2CC6290A-48D7-4F61-B24B-613B15FFD4DC}.Release|x86.Build.0 = Release|Any CPU
		{9E413073-A833-408D-94A5-B31BBAE60427}.Debug|Any CPU.ActiveCfg = Debug|Any CPU
		{9E413073-A833-408D-94A5-B31BBAE60427}.Debug|Any CPU.Build.0 = Debug|Any CPU
		{9E413073-A833-408D-94A5-B31BBAE60427}.Debug|x64.ActiveCfg = Debug|Any CPU
		{9E413073-A833-408D-94A5-B31BBAE60427}.Debug|x64.Build.0 = Debug|Any CPU
		{9E413073-A833-408D-94A5-B31BBAE60427}.Debug|x86.ActiveCfg = Debug|Any CPU
		{9E413073-A833-408D-94A5-B31BBAE60427}.Debug|x86.Build.0 = Debug|Any CPU
		{9E413073-A833-408D-94A5-B31BBAE60427}.Release|Any CPU.ActiveCfg = Release|Any CPU
		{9E413073-A833-408D-94A5-B31BBAE60427}.Release|Any CPU.Build.0 = Release|Any CPU
		{9E413073-A833-408D-94A5-B31BBAE60427}.Release|x64.ActiveCfg = Release|Any CPU
		{9E413073-A833-408D-94A5-B31BBAE60427}.Release|x64.Build.0 = Release|Any CPU
		{9E413073-A833-408D-94A5-B31BBAE60427}.Release|x86.ActiveCfg = Release|Any CPU
		{9E413073-A833-408D-94A5-B31BBAE60427}.Release|x86.Build.0 = Release|Any CPU
		{C90461B0-7FCD-45B5-8DDC-35C20AF77A2F}.Debug|Any CPU.ActiveCfg = Debug|Any CPU
		{C90461B0-7FCD-45B5-8DDC-35C20AF77A2F}.Debug|Any CPU.Build.0 = Debug|Any CPU
		{C90461B0-7FCD-45B5-8DDC-35C20AF77A2F}.Debug|x64.ActiveCfg = Debug|Any CPU
		{C90461B0-7FCD-45B5-8DDC-35C20AF77A2F}.Debug|x64.Build.0 = Debug|Any CPU
		{C90461B0-7FCD-45B5-8DDC-35C20AF77A2F}.Debug|x86.ActiveCfg = Debug|Any CPU
		{C90461B0-7FCD-45B5-8DDC-35C20AF77A2F}.Debug|x86.Build.0 = Debug|Any CPU
		{C90461B0-7FCD-45B5-8DDC-35C20AF77A2F}.Release|Any CPU.ActiveCfg = Release|Any CPU
		{C90461B0-7FCD-45B5-8DDC-35C20AF77A2F}.Release|Any CPU.Build.0 = Release|Any CPU
		{C90461B0-7FCD-45B5-8DDC-35C20AF77A2F}.Release|x64.ActiveCfg = Release|Any CPU
		{C90461B0-7FCD-45B5-8DDC-35C20AF77A2F}.Release|x64.Build.0 = Release|Any CPU
		{C90461B0-7FCD-45B5-8DDC-35C20AF77A2F}.Release|x86.ActiveCfg = Release|Any CPU
		{C90461B0-7FCD-45B5-8DDC-35C20AF77A2F}.Release|x86.Build.0 = Release|Any CPU
		{03B61476-462B-432D-B612-2FD197DC59BE}.Debug|Any CPU.ActiveCfg = Debug|Any CPU
		{03B61476-462B-432D-B612-2FD197DC59BE}.Debug|Any CPU.Build.0 = Debug|Any CPU
		{03B61476-462B-432D-B612-2FD197DC59BE}.Debug|x64.ActiveCfg = Debug|Any CPU
		{03B61476-462B-432D-B612-2FD197DC59BE}.Debug|x64.Build.0 = Debug|Any CPU
		{03B61476-462B-432D-B612-2FD197DC59BE}.Debug|x86.ActiveCfg = Debug|Any CPU
		{03B61476-462B-432D-B612-2FD197DC59BE}.Debug|x86.Build.0 = Debug|Any CPU
		{03B61476-462B-432D-B612-2FD197DC59BE}.Release|Any CPU.ActiveCfg = Release|Any CPU
		{03B61476-462B-432D-B612-2FD197DC59BE}.Release|Any CPU.Build.0 = Release|Any CPU
		{03B61476-462B-432D-B612-2FD197DC59BE}.Release|x64.ActiveCfg = Release|Any CPU
		{03B61476-462B-432D-B612-2FD197DC59BE}.Release|x64.Build.0 = Release|Any CPU
		{03B61476-462B-432D-B612-2FD197DC59BE}.Release|x86.ActiveCfg = Release|Any CPU
		{03B61476-462B-432D-B612-2FD197DC59BE}.Release|x86.Build.0 = Release|Any CPU
	EndGlobalSection
	GlobalSection(SolutionProperties) = preSolution
		HideSolutionNode = FALSE
	EndGlobalSection
	GlobalSection(NestedProjects) = preSolution
		{7C57E3A3-83CF-44BC-A28B-8107ECD16BBA} = {827E0CD3-B72D-47B6-A68D-7590B98EB39B}
		{07480DD1-D1BD-4C01-8F0F-82F2B168E733} = {827E0CD3-B72D-47B6-A68D-7590B98EB39B}
		{2CC6290A-48D7-4F61-B24B-613B15FFD4DC} = {827E0CD3-B72D-47B6-A68D-7590B98EB39B}
		{9E413073-A833-408D-94A5-B31BBAE60427} = {827E0CD3-B72D-47B6-A68D-7590B98EB39B}
		{C90461B0-7FCD-45B5-8DDC-35C20AF77A2F} = {827E0CD3-B72D-47B6-A68D-7590B98EB39B}
		{03B61476-462B-432D-B612-2FD197DC59BE} = {827E0CD3-B72D-47B6-A68D-7590B98EB39B}
	EndGlobalSection
EndGlobal
